
Microsoft Visual Studio Solution File, Format Version 12.00
# Visual Studio Version 16
VisualStudioVersion = 16.0.30114.105
MinimumVisualStudioVersion = 10.0.40219.1
Project("{FAE04EC0-301F-11D3-BF4B-00C04F79EFBC}") = "API", "API\API.csproj", "{8E846860-25E8-4B81-AD36-A72AD033287F}"
EndProject
Project("{FAE04EC0-301F-11D3-BF4B-00C04F79EFBC}") = "Application", "Application\Application.csproj", "{10B8211B-68E9-4737-B7D6-BD8E322064E5}"
EndProject
Project("{FAE04EC0-301F-11D3-BF4B-00C04F79EFBC}") = "Domain", "Domain\Domain.csproj", "{F3497481-0B3F-4B28-A155-180D969A2ACB}"
EndProject
Global
	GlobalSection(SolutionConfigurationPlatforms) = preSolution
		Debug|Any CPU = Debug|Any CPU
		Debug|x64 = Debug|x64
		Debug|x86 = Debug|x86
		Release|Any CPU = Release|Any CPU
		Release|x64 = Release|x64
		Release|x86 = Release|x86
	EndGlobalSection
	GlobalSection(SolutionProperties) = preSolution
		HideSolutionNode = FALSE
	EndGlobalSection
	GlobalSection(ProjectConfigurationPlatforms) = postSolution
		{8E846860-25E8-4B81-AD36-A72AD033287F}.Debug|Any CPU.ActiveCfg = Debug|Any CPU
		{8E846860-25E8-4B81-AD36-A72AD033287F}.Debug|Any CPU.Build.0 = Debug|Any CPU
		{8E846860-25E8-4B81-AD36-A72AD033287F}.Debug|x64.ActiveCfg = Debug|Any CPU
		{8E846860-25E8-4B81-AD36-A72AD033287F}.Debug|x64.Build.0 = Debug|Any CPU
		{8E846860-25E8-4B81-AD36-A72AD033287F}.Debug|x86.ActiveCfg = Debug|Any CPU
		{8E846860-25E8-4B81-AD36-A72AD033287F}.Debug|x86.Build.0 = Debug|Any CPU
		{8E846860-25E8-4B81-AD36-A72AD033287F}.Release|Any CPU.ActiveCfg = Release|Any CPU
		{8E846860-25E8-4B81-AD36-A72AD033287F}.Release|Any CPU.Build.0 = Release|Any CPU
		{8E846860-25E8-4B81-AD36-A72AD033287F}.Release|x64.ActiveCfg = Release|Any CPU
		{8E846860-25E8-4B81-AD36-A72AD033287F}.Release|x64.Build.0 = Release|Any CPU
		{8E846860-25E8-4B81-AD36-A72AD033287F}.Release|x86.ActiveCfg = Release|Any CPU
		{8E846860-25E8-4B81-AD36-A72AD033287F}.Release|x86.Build.0 = Release|Any CPU
		{10B8211B-68E9-4737-B7D6-BD8E322064E5}.Debug|Any CPU.ActiveCfg = Debug|Any CPU
		{10B8211B-68E9-4737-B7D6-BD8E322064E5}.Debug|Any CPU.Build.0 = Debug|Any CPU
		{10B8211B-68E9-4737-B7D6-BD8E322064E5}.Debug|x64.ActiveCfg = Debug|Any CPU
		{10B8211B-68E9-4737-B7D6-BD8E322064E5}.Debug|x64.Build.0 = Debug|Any CPU
		{10B8211B-68E9-4737-B7D6-BD8E322064E5}.Debug|x86.ActiveCfg = Debug|Any CPU
		{10B8211B-68E9-4737-B7D6-BD8E322064E5}.Debug|x86.Build.0 = Debug|Any CPU
		{10B8211B-68E9-4737-B7D6-BD8E322064E5}.Release|Any CPU.ActiveCfg = Release|Any CPU
		{10B8211B-68E9-4737-B7D6-BD8E322064E5}.Release|Any CPU.Build.0 = Release|Any CPU
		{10B8211B-68E9-4737-B7D6-BD8E322064E5}.Release|x64.ActiveCfg = Release|Any CPU
		{10B8211B-68E9-4737-B7D6-BD8E322064E5}.Release|x64.Build.0 = Release|Any CPU
		{10B8211B-68E9-4737-B7D6-BD8E322064E5}.Release|x86.ActiveCfg = Release|Any CPU
		{10B8211B-68E9-4737-B7D6-BD8E322064E5}.Release|x86.Build.0 = Release|Any CPU
		{F3497481-0B3F-4B28-A155-180D969A2ACB}.Debug|Any CPU.ActiveCfg = Debug|Any CPU
		{F3497481-0B3F-4B28-A155-180D969A2ACB}.Debug|Any CPU.Build.0 = Debug|Any CPU
		{F3497481-0B3F-4B28-A155-180D969A2ACB}.Debug|x64.ActiveCfg = Debug|Any CPU
		{F3497481-0B3F-4B28-A155-180D969A2ACB}.Debug|x64.Build.0 = Debug|Any CPU
		{F3497481-0B3F-4B28-A155-180D969A2ACB}.Debug|x86.ActiveCfg = Debug|Any CPU
		{F3497481-0B3F-4B28-A155-180D969A2ACB}.Debug|x86.Build.0 = Debug|Any CPU
		{F3497481-0B3F-4B28-A155-180D969A2ACB}.Release|Any CPU.ActiveCfg = Release|Any CPU
		{F3497481-0B3F-4B28-A155-180D969A2ACB}.Release|Any CPU.Build.0 = Release|Any CPU
		{F3497481-0B3F-4B28-A155-180D969A2ACB}.Release|x64.ActiveCfg = Release|Any CPU
		{F3497481-0B3F-4B28-A155-180D969A2ACB}.Release|x64.Build.0 = Release|Any CPU
		{F3497481-0B3F-4B28-A155-180D969A2ACB}.Release|x86.ActiveCfg = Release|Any CPU
		{F3497481-0B3F-4B28-A155-180D969A2ACB}.Release|x86.Build.0 = Release|Any CPU
	EndGlobalSection
EndGlobal
